
Microsoft Visual Studio Solution File, Format Version 12.00
# Visual Studio Version 16
VisualStudioVersion = 16.0.33328.57
MinimumVisualStudioVersion = 10.0.40219.1
Project("{FAE04EC0-301F-11D3-BF4B-00C04F79EFBC}") = "ToDoList", "ToDoList\ToDoList.csproj", "{D7159D5E-1C51-4502-91BA-CEE639FD4E2E}"
EndProject
Global
	GlobalSection(SolutionConfigurationPlatforms) = preSolution
		Debug|Any CPU = Debug|Any CPU
		Release|Any CPU = Release|Any CPU
	EndGlobalSection
	GlobalSection(ProjectConfigurationPlatforms) = postSolution
		{D7159D5E-1C51-4502-91BA-CEE639FD4E2E}.Debug|Any CPU.ActiveCfg = Debug|Any CPU
		{D7159D5E-1C51-4502-91BA-CEE639FD4E2E}.Debug|Any CPU.Build.0 = Debug|Any CPU
		{D7159D5E-1C51-4502-91BA-CEE639FD4E2E}.Release|Any CPU.ActiveCfg = Release|Any CPU
		{D7159D5E-1C51-4502-91BA-CEE639FD4E2E}.Release|Any CPU.Build.0 = Release|Any CPU
	EndGlobalSection
	GlobalSection(SolutionProperties) = preSolution
		HideSolutionNode = FALSE
	EndGlobalSection
	GlobalSection(ExtensibilityGlobals) = postSolution
		SolutionGuid = {CE0D0B54-2E20-4D83-AD12-E93826F7A194}
	EndGlobalSection
EndGlobal
